
Microsoft Visual Studio Solution File, Format Version 12.00
# Visual Studio Version 17
VisualStudioVersion = 17.0.31912.275
MinimumVisualStudioVersion = 10.0.40219.1
Project("{9A19103F-16F7-4668-BE54-9A1E7A4F7556}") = "Cornerstone.Database.Services", "src\Cornerstone.Database.Services\Cornerstone.Database.Services.csproj", "{FF29CF7B-4683-4E44-9EB3-BD4E33F4AE7B}"
EndProject
Project("{9A19103F-16F7-4668-BE54-9A1E7A4F7556}") = "Cornerstone.Database.UI", "src\Cornerstone.Database.UI\Cornerstone.Database.UI.csproj", "{9722F532-C599-467A-A9E0-C1E9E0EA39E8}"
EndProject
Project("{9A19103F-16F7-4668-BE54-9A1E7A4F7556}") = "Cornerstone.Database.App", "src\Cornerstone.Database.App\Cornerstone.Database.App.csproj", "{C0FD2DC2-961E-4E50-9738-B6D0CAC0ADF9}"
EndProject
Project("{9A19103F-16F7-4668-BE54-9A1E7A4F7556}") = "Cornerstone.Database.Providers.Mssql", "src\Cornerstone.Database.Providers.Mssql\Cornerstone.Database.Providers.Mssql.csproj", "{CD04B7A9-5ADF-445A-B4E3-A30CB2B57C4D}"
EndProject
Project("{9A19103F-16F7-4668-BE54-9A1E7A4F7556}") = "Cornerstone.Database.Providers.MySql", "src\Cornerstone.Database.Providers.MySql\Cornerstone.Database.Providers.MySql.csproj", "{4AF7019C-2AD1-48D3-A5EC-D49F730303E3}"
EndProject
Project("{9A19103F-16F7-4668-BE54-9A1E7A4F7556}") = "Cornerstone.Database.Models", "src\Cornerstone.Database.Models\Cornerstone.Database.Models.csproj", "{B4464F30-1D0D-4727-AF6B-141354F03003}"
EndProject
Project("{2150E333-8FDC-42A3-9474-1A3956D46DE8}") = "Examples", "Examples", "{E1751DAE-1BFD-4888-AC39-F890B65567F2}"
EndProject
Project("{9A19103F-16F7-4668-BE54-9A1E7A4F7556}") = "AdventureWorks.Server.Configuration", "src\AdventureWorks.Server.Configuration\AdventureWorks.Server.Configuration.csproj", "{AA1A1F1C-C232-48BF-AF13-F0E38B2F4476}"
EndProject
Project("{9A19103F-16F7-4668-BE54-9A1E7A4F7556}") = "AdventureWorks.Database", "src\AdventureWorks.Database\AdventureWorks.Database.csproj", "{FE145D2D-F787-46EF-BAF3-06FF823398EE}"
EndProject
Project("{9A19103F-16F7-4668-BE54-9A1E7A4F7556}") = "Cornerstone.DependencyInjection", "src\Cornerstone.DependencyInjection\Cornerstone.DependencyInjection.csproj", "{FC3328F9-65A7-4042-8DBB-3646E781D41B}"
EndProject
Project("{9A19103F-16F7-4668-BE54-9A1E7A4F7556}") = "Cornerstone.Entities.Interfaces", "src\Cornerstone.Entities.Interfaces\Cornerstone.Entities.Interfaces.csproj", "{A9FC7A45-D529-4383-BADE-A10470E49452}"
EndProject
Project("{9A19103F-16F7-4668-BE54-9A1E7A4F7556}") = "Cornerstone.Repository.EntityFrameworkCore", "src\Cornerstone.Repository.EntityFrameworkCore\Cornerstone.Repository.EntityFrameworkCore.csproj", "{56FBBE1B-F386-4823-BEFF-33B3F05ACFB7}"
EndProject
Project("{9A19103F-16F7-4668-BE54-9A1E7A4F7556}") = "Cornerstone.Repository.EntityFrameworkCore.UnitTests", "src\Cornerstone.Repository.EntityFrameworkCore.UnitTests\Cornerstone.Repository.EntityFrameworkCore.UnitTests.csproj", "{66A3261B-7AE7-4972-AF43-C5A8975C1FF4}"
EndProject
Project("{9A19103F-16F7-4668-BE54-9A1E7A4F7556}") = "Cornerstone.Repository.Interfaces", "src\Cornerstone.Repository.Interfaces\Cornerstone.Repository.Interfaces.csproj", "{4AFF4137-8E7F-4585-AECD-C18867E5A82D}"
EndProject
Project("{9A19103F-16F7-4668-BE54-9A1E7A4F7556}") = "Cornerstone.DependencyInjection.SourceGenerator", "src\Cornerstone.DependencyInjection.SourceGenerator\Cornerstone.DependencyInjection.SourceGenerator.csproj", "{E673EA03-E416-4B34-9C12-349CFE5853DF}"
EndProject
Project("{9A19103F-16F7-4668-BE54-9A1E7A4F7556}") = "AdventureWorks.Entities", "src\AdventureWorks.Entities\AdventureWorks.Entities.csproj", "{83B9AD41-712C-498C-B35E-BF3F712E440B}"
EndProject
Project("{9A19103F-16F7-4668-BE54-9A1E7A4F7556}") = "AdventureWorks.Server.Repository", "src\AdventureWorks.Server.Repository\AdventureWorks.Server.Repository.csproj", "{26D71722-40A9-475E-A18B-183A513E8192}"
EndProject
Project("{9A19103F-16F7-4668-BE54-9A1E7A4F7556}") = "AdventureWorks.Server.Repository.EntityFrameworkCore", "src\AdventureWorks.Server.Repository.EntityFrameworkCore\AdventureWorks.Server.Repository.EntityFrameworkCore.csproj", "{553CA04A-3D10-4C6D-A7B8-89D694A770EA}"
EndProject
Project("{2150E333-8FDC-42A3-9474-1A3956D46DE8}") = "SolutionFiles", "SolutionFiles", "{33024E9A-DD63-497F-8003-0C9974B860C4}"
	ProjectSection(SolutionItems) = preProject
		.editorconfig = .editorconfig
		.gitignore = .gitignore
		Directory.Build.props = Directory.Build.props
		global.json = global.json
	EndProjectSection
EndProject
Project("{9A19103F-16F7-4668-BE54-9A1E7A4F7556}") = "Cornerstone.Entities.SourceGenerator", "src\Cornerstone.Entities.SourceGenerator\Cornerstone.Entities.SourceGenerator.csproj", "{D693D7A8-B164-4DDE-B896-8CED6B60FCE8}"
EndProject
Project("{9A19103F-16F7-4668-BE54-9A1E7A4F7556}") = "Cornerstone.Repository.EntityFrameworkCore.SourceGenerator", "src\Cornerstone.Repository.EntityFrameworkCore.SourceGenerator\Cornerstone.Repository.EntityFrameworkCore.SourceGenerator.csproj", "{D0C47399-054F-42A9-9CED-9FE87546E5D6}"
EndProject
Global
	GlobalSection(SolutionConfigurationPlatforms) = preSolution
		Debug|Any CPU = Debug|Any CPU
		Release|Any CPU = Release|Any CPU
	EndGlobalSection
	GlobalSection(ProjectConfigurationPlatforms) = postSolution
		{FF29CF7B-4683-4E44-9EB3-BD4E33F4AE7B}.Debug|Any CPU.ActiveCfg = Debug|Any CPU
		{FF29CF7B-4683-4E44-9EB3-BD4E33F4AE7B}.Debug|Any CPU.Build.0 = Debug|Any CPU
		{FF29CF7B-4683-4E44-9EB3-BD4E33F4AE7B}.Release|Any CPU.ActiveCfg = Release|Any CPU
		{FF29CF7B-4683-4E44-9EB3-BD4E33F4AE7B}.Release|Any CPU.Build.0 = Release|Any CPU
		{9722F532-C599-467A-A9E0-C1E9E0EA39E8}.Debug|Any CPU.ActiveCfg = Debug|Any CPU
		{9722F532-C599-467A-A9E0-C1E9E0EA39E8}.Debug|Any CPU.Build.0 = Debug|Any CPU
		{9722F532-C599-467A-A9E0-C1E9E0EA39E8}.Release|Any CPU.ActiveCfg = Release|Any CPU
		{9722F532-C599-467A-A9E0-C1E9E0EA39E8}.Release|Any CPU.Build.0 = Release|Any CPU
		{C0FD2DC2-961E-4E50-9738-B6D0CAC0ADF9}.Debug|Any CPU.ActiveCfg = Debug|Any CPU
		{C0FD2DC2-961E-4E50-9738-B6D0CAC0ADF9}.Debug|Any CPU.Build.0 = Debug|Any CPU
		{C0FD2DC2-961E-4E50-9738-B6D0CAC0ADF9}.Release|Any CPU.ActiveCfg = Release|Any CPU
		{C0FD2DC2-961E-4E50-9738-B6D0CAC0ADF9}.Release|Any CPU.Build.0 = Release|Any CPU
		{CD04B7A9-5ADF-445A-B4E3-A30CB2B57C4D}.Debug|Any CPU.ActiveCfg = Debug|Any CPU
		{CD04B7A9-5ADF-445A-B4E3-A30CB2B57C4D}.Debug|Any CPU.Build.0 = Debug|Any CPU
		{CD04B7A9-5ADF-445A-B4E3-A30CB2B57C4D}.Release|Any CPU.ActiveCfg = Release|Any CPU
		{CD04B7A9-5ADF-445A-B4E3-A30CB2B57C4D}.Release|Any CPU.Build.0 = Release|Any CPU
		{4AF7019C-2AD1-48D3-A5EC-D49F730303E3}.Debug|Any CPU.ActiveCfg = Debug|Any CPU
		{4AF7019C-2AD1-48D3-A5EC-D49F730303E3}.Debug|Any CPU.Build.0 = Debug|Any CPU
		{4AF7019C-2AD1-48D3-A5EC-D49F730303E3}.Release|Any CPU.ActiveCfg = Release|Any CPU
		{4AF7019C-2AD1-48D3-A5EC-D49F730303E3}.Release|Any CPU.Build.0 = Release|Any CPU
		{B4464F30-1D0D-4727-AF6B-141354F03003}.Debug|Any CPU.ActiveCfg = Debug|Any CPU
		{B4464F30-1D0D-4727-AF6B-141354F03003}.Debug|Any CPU.Build.0 = Debug|Any CPU
		{B4464F30-1D0D-4727-AF6B-141354F03003}.Release|Any CPU.ActiveCfg = Release|Any CPU
		{B4464F30-1D0D-4727-AF6B-141354F03003}.Release|Any CPU.Build.0 = Release|Any CPU
		{AA1A1F1C-C232-48BF-AF13-F0E38B2F4476}.Debug|Any CPU.ActiveCfg = Debug|Any CPU
		{AA1A1F1C-C232-48BF-AF13-F0E38B2F4476}.Debug|Any CPU.Build.0 = Debug|Any CPU
		{AA1A1F1C-C232-48BF-AF13-F0E38B2F4476}.Release|Any CPU.ActiveCfg = Release|Any CPU
		{AA1A1F1C-C232-48BF-AF13-F0E38B2F4476}.Release|Any CPU.Build.0 = Release|Any CPU
		{FE145D2D-F787-46EF-BAF3-06FF823398EE}.Debug|Any CPU.ActiveCfg = Debug|Any CPU
		{FE145D2D-F787-46EF-BAF3-06FF823398EE}.Debug|Any CPU.Build.0 = Debug|Any CPU
		{FE145D2D-F787-46EF-BAF3-06FF823398EE}.Release|Any CPU.ActiveCfg = Release|Any CPU
		{FE145D2D-F787-46EF-BAF3-06FF823398EE}.Release|Any CPU.Build.0 = Release|Any CPU
		{FC3328F9-65A7-4042-8DBB-3646E781D41B}.Debug|Any CPU.ActiveCfg = Debug|Any CPU
		{FC3328F9-65A7-4042-8DBB-3646E781D41B}.Debug|Any CPU.Build.0 = Debug|Any CPU
		{FC3328F9-65A7-4042-8DBB-3646E781D41B}.Release|Any CPU.ActiveCfg = Release|Any CPU
		{FC3328F9-65A7-4042-8DBB-3646E781D41B}.Release|Any CPU.Build.0 = Release|Any CPU
		{A9FC7A45-D529-4383-BADE-A10470E49452}.Debug|Any CPU.ActiveCfg = Debug|Any CPU
		{A9FC7A45-D529-4383-BADE-A10470E49452}.Debug|Any CPU.Build.0 = Debug|Any CPU
		{A9FC7A45-D529-4383-BADE-A10470E49452}.Release|Any CPU.ActiveCfg = Release|Any CPU
		{A9FC7A45-D529-4383-BADE-A10470E49452}.Release|Any CPU.Build.0 = Release|Any CPU
		{56FBBE1B-F386-4823-BEFF-33B3F05ACFB7}.Debug|Any CPU.ActiveCfg = Debug|Any CPU
		{56FBBE1B-F386-4823-BEFF-33B3F05ACFB7}.Debug|Any CPU.Build.0 = Debug|Any CPU
		{56FBBE1B-F386-4823-BEFF-33B3F05ACFB7}.Release|Any CPU.ActiveCfg = Release|Any CPU
		{56FBBE1B-F386-4823-BEFF-33B3F05ACFB7}.Release|Any CPU.Build.0 = Release|Any CPU
		{66A3261B-7AE7-4972-AF43-C5A8975C1FF4}.Debug|Any CPU.ActiveCfg = Debug|Any CPU
		{66A3261B-7AE7-4972-AF43-C5A8975C1FF4}.Debug|Any CPU.Build.0 = Debug|Any CPU
		{66A3261B-7AE7-4972-AF43-C5A8975C1FF4}.Release|Any CPU.ActiveCfg = Release|Any CPU
		{66A3261B-7AE7-4972-AF43-C5A8975C1FF4}.Release|Any CPU.Build.0 = Release|Any CPU
		{4AFF4137-8E7F-4585-AECD-C18867E5A82D}.Debug|Any CPU.ActiveCfg = Debug|Any CPU
		{4AFF4137-8E7F-4585-AECD-C18867E5A82D}.Debug|Any CPU.Build.0 = Debug|Any CPU
		{4AFF4137-8E7F-4585-AECD-C18867E5A82D}.Release|Any CPU.ActiveCfg = Release|Any CPU
		{4AFF4137-8E7F-4585-AECD-C18867E5A82D}.Release|Any CPU.Build.0 = Release|Any CPU
		{E673EA03-E416-4B34-9C12-349CFE5853DF}.Debug|Any CPU.ActiveCfg = Debug|Any CPU
		{E673EA03-E416-4B34-9C12-349CFE5853DF}.Debug|Any CPU.Build.0 = Debug|Any CPU
		{E673EA03-E416-4B34-9C12-349CFE5853DF}.Release|Any CPU.ActiveCfg = Release|Any CPU
		{E673EA03-E416-4B34-9C12-349CFE5853DF}.Release|Any CPU.Build.0 = Release|Any CPU
		{83B9AD41-712C-498C-B35E-BF3F712E440B}.Debug|Any CPU.ActiveCfg = Debug|Any CPU
		{83B9AD41-712C-498C-B35E-BF3F712E440B}.Debug|Any CPU.Build.0 = Debug|Any CPU
		{83B9AD41-712C-498C-B35E-BF3F712E440B}.Release|Any CPU.ActiveCfg = Release|Any CPU
		{83B9AD41-712C-498C-B35E-BF3F712E440B}.Release|Any CPU.Build.0 = Release|Any CPU
		{26D71722-40A9-475E-A18B-183A513E8192}.Debug|Any CPU.ActiveCfg = Debug|Any CPU
		{26D71722-40A9-475E-A18B-183A513E8192}.Debug|Any CPU.Build.0 = Debug|Any CPU
		{26D71722-40A9-475E-A18B-183A513E8192}.Release|Any CPU.ActiveCfg = Release|Any CPU
		{26D71722-40A9-475E-A18B-183A513E8192}.Release|Any CPU.Build.0 = Release|Any CPU
		{553CA04A-3D10-4C6D-A7B8-89D694A770EA}.Debug|Any CPU.ActiveCfg = Debug|Any CPU
		{553CA04A-3D10-4C6D-A7B8-89D694A770EA}.Debug|Any CPU.Build.0 = Debug|Any CPU
		{553CA04A-3D10-4C6D-A7B8-89D694A770EA}.Release|Any CPU.ActiveCfg = Release|Any CPU
		{553CA04A-3D10-4C6D-A7B8-89D694A770EA}.Release|Any CPU.Build.0 = Release|Any CPU
		{D693D7A8-B164-4DDE-B896-8CED6B60FCE8}.Debug|Any CPU.ActiveCfg = Debug|Any CPU
		{D693D7A8-B164-4DDE-B896-8CED6B60FCE8}.Debug|Any CPU.Build.0 = Debug|Any CPU
		{D693D7A8-B164-4DDE-B896-8CED6B60FCE8}.Release|Any CPU.ActiveCfg = Release|Any CPU
		{D693D7A8-B164-4DDE-B896-8CED6B60FCE8}.Release|Any CPU.Build.0 = Release|Any CPU
		{D0C47399-054F-42A9-9CED-9FE87546E5D6}.Debug|Any CPU.ActiveCfg = Debug|Any CPU
		{D0C47399-054F-42A9-9CED-9FE87546E5D6}.Debug|Any CPU.Build.0 = Debug|Any CPU
		{D0C47399-054F-42A9-9CED-9FE87546E5D6}.Release|Any CPU.ActiveCfg = Release|Any CPU
		{D0C47399-054F-42A9-9CED-9FE87546E5D6}.Release|Any CPU.Build.0 = Release|Any CPU
	EndGlobalSection
	GlobalSection(SolutionProperties) = preSolution
		HideSolutionNode = FALSE
	EndGlobalSection
	GlobalSection(NestedProjects) = preSolution
		{AA1A1F1C-C232-48BF-AF13-F0E38B2F4476} = {E1751DAE-1BFD-4888-AC39-F890B65567F2}
		{FE145D2D-F787-46EF-BAF3-06FF823398EE} = {E1751DAE-1BFD-4888-AC39-F890B65567F2}
		{83B9AD41-712C-498C-B35E-BF3F712E440B} = {E1751DAE-1BFD-4888-AC39-F890B65567F2}
		{26D71722-40A9-475E-A18B-183A513E8192} = {E1751DAE-1BFD-4888-AC39-F890B65567F2}
		{553CA04A-3D10-4C6D-A7B8-89D694A770EA} = {E1751DAE-1BFD-4888-AC39-F890B65567F2}
	EndGlobalSection
	GlobalSection(ExtensibilityGlobals) = postSolution
		SolutionGuid = {93D79511-36CC-452F-9DF6-C3D742B4CF59}
	EndGlobalSection
EndGlobal
