
Microsoft Visual Studio Solution File, Format Version 12.00
# Visual Studio Version 17
VisualStudioVersion = 17.0.31912.275
MinimumVisualStudioVersion = 10.0.40219.1
Project("{9A19103F-16F7-4668-BE54-9A1E7A4F7556}") = "Cornerstone.Database.Services", "src\Cornerstone.Database.Services\Cornerstone.Database.Services.csproj", "{FF29CF7B-4683-4E44-9EB3-BD4E33F4AE7B}"
EndProject
Project("{9A19103F-16F7-4668-BE54-9A1E7A4F7556}") = "Cornerstone.Database.UI", "src\Cornerstone.Database.UI\Cornerstone.Database.UI.csproj", "{9722F532-C599-467A-A9E0-C1E9E0EA39E8}"
EndProject
Project("{9A19103F-16F7-4668-BE54-9A1E7A4F7556}") = "Cornerstone.Database.App", "src\Cornerstone.Database.App\Cornerstone.Database.App.csproj", "{C0FD2DC2-961E-4E50-9738-B6D0CAC0ADF9}"
EndProject
Project("{9A19103F-16F7-4668-BE54-9A1E7A4F7556}") = "Cornerstone.Database.Providers.Mssql", "src\Cornerstone.Database.Providers.Mssql\Cornerstone.Database.Providers.Mssql.csproj", "{CD04B7A9-5ADF-445A-B4E3-A30CB2B57C4D}"
EndProject
Project("{9A19103F-16F7-4668-BE54-9A1E7A4F7556}") = "Cornerstone.Database.Providers.MySql", "src\Cornerstone.Database.Providers.MySql\Cornerstone.Database.Providers.MySql.csproj", "{4AF7019C-2AD1-48D3-A5EC-D49F730303E3}"
EndProject
Project("{9A19103F-16F7-4668-BE54-9A1E7A4F7556}") = "Cornerstone.Database.Models", "src\Cornerstone.Database.Models\Cornerstone.Database.Models.csproj", "{B4464F30-1D0D-4727-AF6B-141354F03003}"
EndProject
Project("{2150E333-8FDC-42A3-9474-1A3956D46DE8}") = "Examples", "Examples", "{E1751DAE-1BFD-4888-AC39-F890B65567F2}"
EndProject
Project("{9A19103F-16F7-4668-BE54-9A1E7A4F7556}") = "AdventureWorks.Server.Configuration", "src\AdventureWorks.Server.Configuration\AdventureWorks.Server.Configuration.csproj", "{AA1A1F1C-C232-48BF-AF13-F0E38B2F4476}"
EndProject
Project("{9A19103F-16F7-4668-BE54-9A1E7A4F7556}") = "AdventureWorks.Database", "src\AdventureWorks.Database\AdventureWorks.Database.csproj", "{FE145D2D-F787-46EF-BAF3-06FF823398EE}"
EndProject
Global
	GlobalSection(SolutionConfigurationPlatforms) = preSolution
		Debug|Any CPU = Debug|Any CPU
		Release|Any CPU = Release|Any CPU
	EndGlobalSection
	GlobalSection(ProjectConfigurationPlatforms) = postSolution
		{FF29CF7B-4683-4E44-9EB3-BD4E33F4AE7B}.Debug|Any CPU.ActiveCfg = Debug|Any CPU
		{FF29CF7B-4683-4E44-9EB3-BD4E33F4AE7B}.Debug|Any CPU.Build.0 = Debug|Any CPU
		{FF29CF7B-4683-4E44-9EB3-BD4E33F4AE7B}.Release|Any CPU.ActiveCfg = Release|Any CPU
		{FF29CF7B-4683-4E44-9EB3-BD4E33F4AE7B}.Release|Any CPU.Build.0 = Release|Any CPU
		{9722F532-C599-467A-A9E0-C1E9E0EA39E8}.Debug|Any CPU.ActiveCfg = Debug|Any CPU
		{9722F532-C599-467A-A9E0-C1E9E0EA39E8}.Debug|Any CPU.Build.0 = Debug|Any CPU
		{9722F532-C599-467A-A9E0-C1E9E0EA39E8}.Release|Any CPU.ActiveCfg = Release|Any CPU
		{9722F532-C599-467A-A9E0-C1E9E0EA39E8}.Release|Any CPU.Build.0 = Release|Any CPU
		{C0FD2DC2-961E-4E50-9738-B6D0CAC0ADF9}.Debug|Any CPU.ActiveCfg = Debug|Any CPU
		{C0FD2DC2-961E-4E50-9738-B6D0CAC0ADF9}.Debug|Any CPU.Build.0 = Debug|Any CPU
		{C0FD2DC2-961E-4E50-9738-B6D0CAC0ADF9}.Release|Any CPU.ActiveCfg = Release|Any CPU
		{C0FD2DC2-961E-4E50-9738-B6D0CAC0ADF9}.Release|Any CPU.Build.0 = Release|Any CPU
		{CD04B7A9-5ADF-445A-B4E3-A30CB2B57C4D}.Debug|Any CPU.ActiveCfg = Debug|Any CPU
		{CD04B7A9-5ADF-445A-B4E3-A30CB2B57C4D}.Debug|Any CPU.Build.0 = Debug|Any CPU
		{CD04B7A9-5ADF-445A-B4E3-A30CB2B57C4D}.Release|Any CPU.ActiveCfg = Release|Any CPU
		{CD04B7A9-5ADF-445A-B4E3-A30CB2B57C4D}.Release|Any CPU.Build.0 = Release|Any CPU
		{4AF7019C-2AD1-48D3-A5EC-D49F730303E3}.Debug|Any CPU.ActiveCfg = Debug|Any CPU
		{4AF7019C-2AD1-48D3-A5EC-D49F730303E3}.Debug|Any CPU.Build.0 = Debug|Any CPU
		{4AF7019C-2AD1-48D3-A5EC-D49F730303E3}.Release|Any CPU.ActiveCfg = Release|Any CPU
		{4AF7019C-2AD1-48D3-A5EC-D49F730303E3}.Release|Any CPU.Build.0 = Release|Any CPU
		{B4464F30-1D0D-4727-AF6B-141354F03003}.Debug|Any CPU.ActiveCfg = Debug|Any CPU
		{B4464F30-1D0D-4727-AF6B-141354F03003}.Debug|Any CPU.Build.0 = Debug|Any CPU
		{B4464F30-1D0D-4727-AF6B-141354F03003}.Release|Any CPU.ActiveCfg = Release|Any CPU
		{B4464F30-1D0D-4727-AF6B-141354F03003}.Release|Any CPU.Build.0 = Release|Any CPU
		{AA1A1F1C-C232-48BF-AF13-F0E38B2F4476}.Debug|Any CPU.ActiveCfg = Debug|Any CPU
		{AA1A1F1C-C232-48BF-AF13-F0E38B2F4476}.Debug|Any CPU.Build.0 = Debug|Any CPU
		{AA1A1F1C-C232-48BF-AF13-F0E38B2F4476}.Release|Any CPU.ActiveCfg = Release|Any CPU
		{AA1A1F1C-C232-48BF-AF13-F0E38B2F4476}.Release|Any CPU.Build.0 = Release|Any CPU
		{FE145D2D-F787-46EF-BAF3-06FF823398EE}.Debug|Any CPU.ActiveCfg = Debug|Any CPU
		{FE145D2D-F787-46EF-BAF3-06FF823398EE}.Debug|Any CPU.Build.0 = Debug|Any CPU
		{FE145D2D-F787-46EF-BAF3-06FF823398EE}.Release|Any CPU.ActiveCfg = Release|Any CPU
		{FE145D2D-F787-46EF-BAF3-06FF823398EE}.Release|Any CPU.Build.0 = Release|Any CPU
	EndGlobalSection
	GlobalSection(SolutionProperties) = preSolution
		HideSolutionNode = FALSE
	EndGlobalSection
	GlobalSection(NestedProjects) = preSolution
		{AA1A1F1C-C232-48BF-AF13-F0E38B2F4476} = {E1751DAE-1BFD-4888-AC39-F890B65567F2}
		{FE145D2D-F787-46EF-BAF3-06FF823398EE} = {E1751DAE-1BFD-4888-AC39-F890B65567F2}
	EndGlobalSection
	GlobalSection(ExtensibilityGlobals) = postSolution
		SolutionGuid = {93D79511-36CC-452F-9DF6-C3D742B4CF59}
	EndGlobalSection
EndGlobal
